
Microsoft Visual Studio Solution File, Format Version 12.00
# Visual Studio 2017
Project("{FAE04EC0-301F-11D3-BF4B-00C04F79EFBC}") = "CricDashboard", "CricDashboard.csproj", "{2533F9B5-E7DA-4D75-90C5-E65B6E564FD1}"
EndProject
Global
	GlobalSection(SolutionConfigurationPlatforms) = preSolution
		Debug|Any CPU = Debug|Any CPU
		Release|Any CPU = Release|Any CPU
	EndGlobalSection
	GlobalSection(ProjectConfigurationPlatforms) = postSolution
		{2533F9B5-E7DA-4D75-90C5-E65B6E564FD1}.Debug|Any CPU.ActiveCfg = Debug|Any CPU
		{2533F9B5-E7DA-4D75-90C5-E65B6E564FD1}.Debug|Any CPU.Build.0 = Debug|Any CPU
		{2533F9B5-E7DA-4D75-90C5-E65B6E564FD1}.Release|Any CPU.ActiveCfg = Release|Any CPU
		{2533F9B5-E7DA-4D75-90C5-E65B6E564FD1}.Release|Any CPU.Build.0 = Release|Any CPU
	EndGlobalSection
EndGlobal
