
Microsoft Visual Studio Solution File, Format Version 12.00
# Visual Studio 2012
Project("{FAE04EC0-301F-11D3-BF4B-00C04F79EFBC}") = "PricePublisher", "PricePublisher\PricePublisher.csproj", "{F3A6887D-932E-4264-AE42-03797922C3C9}"
EndProject
Project("{FAE04EC0-301F-11D3-BF4B-00C04F79EFBC}") = "PriceSubscriber", "PriceSubscriber\PriceSubscriber.csproj", "{B7B0645C-1420-4966-8E40-57933615D2F6}"
EndProject
Project("{FAE04EC0-301F-11D3-BF4B-00C04F79EFBC}") = "PricePublisher.Console", "PricePublisher.Console\PricePublisher.Console.csproj", "{2B147D7E-2333-4568-821F-590AB65B6768}"
EndProject
Project("{FAE04EC0-301F-11D3-BF4B-00C04F79EFBC}") = "PriceSubscriber.Console", "PriceSubscriber.Console\PriceSubscriber.Console.csproj", "{7D76E037-E78B-4F28-BE35-ED5A4C33B6F0}"
EndProject
Global
	GlobalSection(SolutionConfigurationPlatforms) = preSolution
		Debug|Any CPU = Debug|Any CPU
		Release|Any CPU = Release|Any CPU
	EndGlobalSection
	GlobalSection(ProjectConfigurationPlatforms) = postSolution
		{F3A6887D-932E-4264-AE42-03797922C3C9}.Debug|Any CPU.ActiveCfg = Debug|Any CPU
		{F3A6887D-932E-4264-AE42-03797922C3C9}.Debug|Any CPU.Build.0 = Debug|Any CPU
		{F3A6887D-932E-4264-AE42-03797922C3C9}.Release|Any CPU.ActiveCfg = Release|Any CPU
		{F3A6887D-932E-4264-AE42-03797922C3C9}.Release|Any CPU.Build.0 = Release|Any CPU
		{B7B0645C-1420-4966-8E40-57933615D2F6}.Debug|Any CPU.ActiveCfg = Debug|Any CPU
		{B7B0645C-1420-4966-8E40-57933615D2F6}.Debug|Any CPU.Build.0 = Debug|Any CPU
		{B7B0645C-1420-4966-8E40-57933615D2F6}.Release|Any CPU.ActiveCfg = Release|Any CPU
		{B7B0645C-1420-4966-8E40-57933615D2F6}.Release|Any CPU.Build.0 = Release|Any CPU
		{2B147D7E-2333-4568-821F-590AB65B6768}.Debug|Any CPU.ActiveCfg = Debug|Any CPU
		{2B147D7E-2333-4568-821F-590AB65B6768}.Debug|Any CPU.Build.0 = Debug|Any CPU
		{2B147D7E-2333-4568-821F-590AB65B6768}.Release|Any CPU.ActiveCfg = Release|Any CPU
		{2B147D7E-2333-4568-821F-590AB65B6768}.Release|Any CPU.Build.0 = Release|Any CPU
		{7D76E037-E78B-4F28-BE35-ED5A4C33B6F0}.Debug|Any CPU.ActiveCfg = Debug|Any CPU
		{7D76E037-E78B-4F28-BE35-ED5A4C33B6F0}.Debug|Any CPU.Build.0 = Debug|Any CPU
		{7D76E037-E78B-4F28-BE35-ED5A4C33B6F0}.Release|Any CPU.ActiveCfg = Release|Any CPU
		{7D76E037-E78B-4F28-BE35-ED5A4C33B6F0}.Release|Any CPU.Build.0 = Release|Any CPU
	EndGlobalSection
EndGlobal
