
Microsoft Visual Studio Solution File, Format Version 12.00
# Visual Studio 2012
Project("{FAE04EC0-301F-11D3-BF4B-00C04F79EFBC}") = "MyFirstAzureWebApp", "MyFirstAzureWebApp\MyFirstAzureWebApp.csproj", "{EFDA080E-84A4-4C67-8221-B4B05C66C8BE}"
EndProject
Global
	GlobalSection(SolutionConfigurationPlatforms) = preSolution
		Debug|Any CPU = Debug|Any CPU
		Release|Any CPU = Release|Any CPU
	EndGlobalSection
	GlobalSection(ProjectConfigurationPlatforms) = postSolution
		{EFDA080E-84A4-4C67-8221-B4B05C66C8BE}.Debug|Any CPU.ActiveCfg = Debug|Any CPU
		{EFDA080E-84A4-4C67-8221-B4B05C66C8BE}.Debug|Any CPU.Build.0 = Debug|Any CPU
		{EFDA080E-84A4-4C67-8221-B4B05C66C8BE}.Release|Any CPU.ActiveCfg = Release|Any CPU
		{EFDA080E-84A4-4C67-8221-B4B05C66C8BE}.Release|Any CPU.Build.0 = Release|Any CPU
	EndGlobalSection
EndGlobal
