
Microsoft Visual Studio Solution File, Format Version 12.00
# Visual Studio 2012
Project("{FAE04EC0-301F-11D3-BF4B-00C04F79EFBC}") = "RandomGen", "RandomGen\RandomGen.csproj", "{9A22A916-4FAF-48CB-B11F-41CD686FCB59}"
EndProject
Project("{FAE04EC0-301F-11D3-BF4B-00C04F79EFBC}") = "RandomGen.Tests", "RandomGen.Tests\RandomGen.Tests.csproj", "{3162756E-F0C7-43A2-9138-3693D4B99C12}"
EndProject
Global
	GlobalSection(SolutionConfigurationPlatforms) = preSolution
		Debug|x86 = Debug|x86
		Release|x86 = Release|x86
	EndGlobalSection
	GlobalSection(ProjectConfigurationPlatforms) = postSolution
		{9A22A916-4FAF-48CB-B11F-41CD686FCB59}.Debug|x86.ActiveCfg = Debug|x86
		{9A22A916-4FAF-48CB-B11F-41CD686FCB59}.Debug|x86.Build.0 = Debug|x86
		{9A22A916-4FAF-48CB-B11F-41CD686FCB59}.Release|x86.ActiveCfg = Release|x86
		{9A22A916-4FAF-48CB-B11F-41CD686FCB59}.Release|x86.Build.0 = Release|x86
		{3162756E-F0C7-43A2-9138-3693D4B99C12}.Debug|x86.ActiveCfg = Debug|Any CPU
		{3162756E-F0C7-43A2-9138-3693D4B99C12}.Debug|x86.Build.0 = Debug|Any CPU
		{3162756E-F0C7-43A2-9138-3693D4B99C12}.Release|x86.ActiveCfg = Release|Any CPU
		{3162756E-F0C7-43A2-9138-3693D4B99C12}.Release|x86.Build.0 = Release|Any CPU
	EndGlobalSection
EndGlobal
